{
  "version": "5",
  "specifiers": {
    "jsr:@dprint/formatter@0.4": "0.4.1",
    "jsr:@zod/zod@4.1.13": "4.1.13",
    "npm:@dprint/typescript@0.95": "0.95.13",
    "npm:pe-struct@0.9.4": "0.9.4",
    "npm:type-fest@5": "5.3.0"
  },
  "jsr": {
    "@dprint/formatter@0.4.1": {
      "integrity": "96449ab83aa9f72df98caa5030d3f4a921c5c29d9b0e0d0da83d79e2024a9637"
    },
    "@zod/zod@4.1.13": {
      "integrity": "fef799152d630583b248645fcac03abedd13e39fd2b752d9466b905d73619bfd"
    }
  },
  "npm": {
    "@dprint/typescript@0.95.13": {
      "integrity": "sha512-lzhaiENYcsLOo+qJHzwWbZ/Ne+67eDGLwhU52Z0AnW6gHeCN1EZ8DDe5gI/f/Fvk2Jd2wlnmoyrsrYnkg/SDgw=="
    },
    "pe-struct@0.9.4": {
      "integrity": "sha512-aGFWx9K+n1yl16YnRS6nkOnKNPF3jjxvKsLZeq4lSuvFNVrmlhgoArIHFIopXyA/zyxQA4tDljPPHFjHMvcSKA=="
    },
    "tagged-tag@1.0.0": {
      "integrity": "sha512-yEFYrVhod+hdNyx7g5Bnkkb0G6si8HJurOoOEgC8B/O0uXLHlaey/65KRv6cuWBNhBgHKAROVpc7QyYqE5gFng=="
    },
    "type-fest@5.3.0": {
      "integrity": "sha512-d9CwU93nN0IA1QL+GSNDdwLAu1Ew5ZjTwupvedwg3WdfoH6pIDvYQ2hV0Uc2nKBLPq7NB5apCx57MLS5qlmO5g==",
      "dependencies": [
        "tagged-tag"
      ]
    }
  },
  "workspace": {
    "dependencies": [
      "jsr:@dprint/formatter@0.4",
      "jsr:@std/path@1",
      "jsr:@zod/zod@4.1.13",
      "npm:@dprint/typescript@0.95",
      "npm:pe-struct@0.9.4",
      "npm:type-fest@5"
    ]
  }
}
