{
  "version": "3",
  "packages": {
    "specifiers": {
      "jsr:@std/path@^1.0.0": "jsr:@std/path@1.0.0",
      "npm:pe-struct@0.9.4": "npm:pe-struct@0.9.4",
      "npm:type-fest@4.21.0": "npm:type-fest@4.21.0",
      "npm:typescript@5.5.3": "npm:typescript@5.5.3",
      "npm:zod-to-json-schema@3.23.1": "npm:zod-to-json-schema@3.23.1_zod@3.23.3",
      "npm:zod-to-ts@1.2.0": "npm:zod-to-ts@1.2.0_typescript@5.5.3_zod@3.23.3",
      "npm:zod@3.23.3": "npm:zod@3.23.3"
    },
    "jsr": {
      "@std/path@1.0.0": {
        "integrity": "77fcb858b6e38777d1154df0f02245ba0b07e2c40ca3c0eec57c9233188c2d21"
      }
    },
    "npm": {
      "pe-struct@0.9.4": {
        "integrity": "sha512-aGFWx9K+n1yl16YnRS6nkOnKNPF3jjxvKsLZeq4lSuvFNVrmlhgoArIHFIopXyA/zyxQA4tDljPPHFjHMvcSKA==",
        "dependencies": {}
      },
      "type-fest@4.21.0": {
        "integrity": "sha512-ADn2w7hVPcK6w1I0uWnM//y1rLXZhzB9mr0a3OirzclKF1Wp6VzevUmzz/NRAWunOT6E8HrnpGY7xOfc6K57fA==",
        "dependencies": {}
      },
      "typescript@5.5.3": {
        "integrity": "sha512-/hreyEujaB0w76zKo6717l3L0o/qEUtRgdvUBvlkhoWeOVMjMuHNHk0BRBzikzuGDqNmPQbg5ifMEqsHLiIUcQ==",
        "dependencies": {}
      },
      "zod-to-json-schema@3.23.1_zod@3.23.3": {
        "integrity": "sha512-oT9INvydob1XV0v1d2IadrR74rLtDInLvDFfAa1CG0Pmg/vxATk7I2gSelfj271mbzeM4Da0uuDQE/Nkj3DWNw==",
        "dependencies": {
          "zod": "zod@3.23.3"
        }
      },
      "zod-to-ts@1.2.0_typescript@5.5.3_zod@3.23.3": {
        "integrity": "sha512-x30XE43V+InwGpvTySRNz9kB7qFU8DlyEy7BsSTCHPH1R0QasMmHWZDCzYm6bVXtj/9NNJAZF3jW8rzFvH5OFA==",
        "dependencies": {
          "typescript": "typescript@5.5.3",
          "zod": "zod@3.23.3"
        }
      },
      "zod@3.23.3": {
        "integrity": "sha512-tPvq1B/2Yu/dh2uAIH2/BhUlUeLIUvAjr6dpL/75I0pCYefHgjhXk1o1Kob3kTU8C7yU1j396jFHlsVWFi9ogg==",
        "dependencies": {}
      }
    }
  },
  "remote": {},
  "workspace": {
    "dependencies": [
      "jsr:@std/path@^1.0.0",
      "npm:type-fest@4.21.0",
      "npm:zod@3.23.3"
    ]
  }
}
