{
  "version": "2",
  "remote": {
    "https://esm.sh/typescript@4.9.5?target=esnext&pin=v111": "996f1908f1ce4a636db164085d92d22db94a29568c0b5fa8494c33a29fad297b",
    "https://esm.sh/v111/node_events.js": "507b1d9405b8384264d683e0508416c4be85498e65d32d0fcf64d6d353a30151",
    "https://esm.sh/v111/node_perf_hooks.js": "36f4f6b11177606eb97c9a464cd98df8c43a94ec31b9e03551c05729022a8924",
    "https://esm.sh/v111/node_process.js": "138682d1c2af338932526443b7513103b898a9460d3e461ee315d3a68060342a",
    "https://esm.sh/v111/typescript@4.9.5/X-ZC96b2RAMy4yMS40/esnext/typescript.js": "cb2128c8b3110975950306c55512328158f92425bb74dafc59574733a13a1bd7",
    "https://esm.sh/v111/typescript@4.9.5/X-ZC96b2RAMy4yMS40/lib/typescript.d.ts": "780fa973ee865b9d04713dd75085b057eb6aa034cab27c19c1f7459203be37a1",
    "https://esm.sh/v111/typescript@4.9.5/esnext/typescript.js": "0c38e1b3123fb6f071558d192328cb55a5d5fd188dcc741fbb9e1517c39a664e",
    "https://esm.sh/v111/typescript@4.9.5/lib/typescript.d.ts": "780fa973ee865b9d04713dd75085b057eb6aa034cab27c19c1f7459203be37a1",
    "https://esm.sh/v111/zod-to-json-schema@3.20.4/X-ZC96b2RAMy4yMS40/esnext/zod-to-json-schema.js": "55c9293ae992a670d355b9380bae47e563d24887af391f98b3f73f1c1769e6e2",
    "https://esm.sh/v111/zod-to-json-schema@3.20.4/X-ZC96b2RAMy4yMS40/index.d.ts": "6a35cd9a2721b5bc26e2b4fda01d1c56f788a41ba7558fede42340c4a72a97be",
    "https://esm.sh/v111/zod-to-json-schema@3.20.4/X-ZC96b2RAMy4yMS40/src/Options.d.ts": "0f55b75d5866b80bfe80d063fc24b2ce2baa338c459eb316935a27dfb4e5c3bf",
    "https://esm.sh/v111/zod-to-json-schema@3.20.4/X-ZC96b2RAMy4yMS40/src/Refs.d.ts": "d89013b66d577692d30ffbd425fa52dccab992768c2b76d086498dda898c1d94",
    "https://esm.sh/v111/zod-to-json-schema@3.20.4/X-ZC96b2RAMy4yMS40/src/errorMessages.d.ts": "793758266c2149213de4b43f0b923c88da356b2084aed96acb233c9b5791b369",
    "https://esm.sh/v111/zod-to-json-schema@3.20.4/X-ZC96b2RAMy4yMS40/src/parseDef.d.ts": "58ab53ae728b36c78ae27eac1d860febfa1af42349478c3f56d425917986820d",
    "https://esm.sh/v111/zod-to-json-schema@3.20.4/X-ZC96b2RAMy4yMS40/src/parsers/any.d.ts": "ba739758560a9b3e696095df9b04ac5d9d76acb11e98e06e73b7a86cbffe4207",
    "https://esm.sh/v111/zod-to-json-schema@3.20.4/X-ZC96b2RAMy4yMS40/src/parsers/array.d.ts": "3555631748ed9a7c5a43775024c8f8f549db04e82bca3b5416e68ad756791fa7",
    "https://esm.sh/v111/zod-to-json-schema@3.20.4/X-ZC96b2RAMy4yMS40/src/parsers/bigint.d.ts": "8e982f3df4c7b027d54e52cf02acb25f2ccf33cadd27c8a7865c1cd6a1958211",
    "https://esm.sh/v111/zod-to-json-schema@3.20.4/X-ZC96b2RAMy4yMS40/src/parsers/boolean.d.ts": "0e8edbe744dfc3ce65e9fa2283f1f0eb2c0aaaec4df19765f51c346e45452cda",
    "https://esm.sh/v111/zod-to-json-schema@3.20.4/X-ZC96b2RAMy4yMS40/src/parsers/date.d.ts": "2041c577c7ba7bf4c71d98b79b955c0dae8aec82b800bd403f71416962ebf43a",
    "https://esm.sh/v111/zod-to-json-schema@3.20.4/X-ZC96b2RAMy4yMS40/src/parsers/enum.d.ts": "c810520a5a5b5885afdfb22e5f24913a680bbf4a6cb3298c7e7926c06fffde14",
    "https://esm.sh/v111/zod-to-json-schema@3.20.4/X-ZC96b2RAMy4yMS40/src/parsers/intersection.d.ts": "ddd5dae715ff232033f8fc4a20e993dcb7990fad5a10abdc7c08c23fd105abdf",
    "https://esm.sh/v111/zod-to-json-schema@3.20.4/X-ZC96b2RAMy4yMS40/src/parsers/literal.d.ts": "3134d443f1e9e02b2491a5ace19b003ec9a3aa4570b21a3df4a92dcb640ab101",
    "https://esm.sh/v111/zod-to-json-schema@3.20.4/X-ZC96b2RAMy4yMS40/src/parsers/map.d.ts": "212a8ae920e91b3aca2f937a9443133e479364516499e39f7dfca66d33200ffe",
    "https://esm.sh/v111/zod-to-json-schema@3.20.4/X-ZC96b2RAMy4yMS40/src/parsers/nativeEnum.d.ts": "f0ed791578b81ffe9532f1d7dc69f8042c163da4ce7e17da105cc904e2d5808a",
    "https://esm.sh/v111/zod-to-json-schema@3.20.4/X-ZC96b2RAMy4yMS40/src/parsers/never.d.ts": "adb05565c81b408a97cee9201c8539dda075c30dffce0d4ec226e5050f36bfa4",
    "https://esm.sh/v111/zod-to-json-schema@3.20.4/X-ZC96b2RAMy4yMS40/src/parsers/null.d.ts": "2007d407fb8742049ecaeac0b4c5a4c78619b64a6abb56250e65f5375ca1bbb1",
    "https://esm.sh/v111/zod-to-json-schema@3.20.4/X-ZC96b2RAMy4yMS40/src/parsers/nullable.d.ts": "4247d929e4dbc210e6c4b3a3fadc2fdbe49484cfd39613951120569fd790ff8d",
    "https://esm.sh/v111/zod-to-json-schema@3.20.4/X-ZC96b2RAMy4yMS40/src/parsers/number.d.ts": "96068895acb3a0963e466a6a6031d032e0c45fe3cc4fe01d0fb2d1aa599ee151",
    "https://esm.sh/v111/zod-to-json-schema@3.20.4/X-ZC96b2RAMy4yMS40/src/parsers/object.d.ts": "95715ae8c783fad3ceba32b20c35981bd872eb8225a3e5bead7178619aec055f",
    "https://esm.sh/v111/zod-to-json-schema@3.20.4/X-ZC96b2RAMy4yMS40/src/parsers/record.d.ts": "52ea078ba7248971232a18c994a47de3e95c904ec72c92a09f192790763e4387",
    "https://esm.sh/v111/zod-to-json-schema@3.20.4/X-ZC96b2RAMy4yMS40/src/parsers/set.d.ts": "52b4043525e2032ef19ddb7e6fd7ad23ce28285395a4ce9c34851c8fd51e4537",
    "https://esm.sh/v111/zod-to-json-schema@3.20.4/X-ZC96b2RAMy4yMS40/src/parsers/string.d.ts": "10f4dbda9b4068de9b42b5005899b68733f7fda316ef8d255f9ccaa10e8d9c94",
    "https://esm.sh/v111/zod-to-json-schema@3.20.4/X-ZC96b2RAMy4yMS40/src/parsers/tuple.d.ts": "15a5d7d3848585f5463c8d4281bc807601cd0247abc996ce084c9cb9518ae982",
    "https://esm.sh/v111/zod-to-json-schema@3.20.4/X-ZC96b2RAMy4yMS40/src/parsers/undefined.d.ts": "3a56da695cfddd03aee7835adf8934e4f357cc9bac59ea534cd282aba668b566",
    "https://esm.sh/v111/zod-to-json-schema@3.20.4/X-ZC96b2RAMy4yMS40/src/parsers/union.d.ts": "54e05b95eef7ec826866f090d7e501354ff9eae89782fabc02954cd7f815bd69",
    "https://esm.sh/v111/zod-to-json-schema@3.20.4/X-ZC96b2RAMy4yMS40/src/parsers/unknown.d.ts": "ba3886b9e5b3bd32588d57421988aeeea94afe40227334edc5d45fb0c5367c9d",
    "https://esm.sh/v111/zod-to-json-schema@3.20.4/X-ZC96b2RAMy4yMS40/src/zodToJsonSchema.d.ts": "78eed4b9655aacff0a686884262fcdba7538b49860dd7d8712c107ea7567f0c8",
    "https://esm.sh/v111/zod-to-ts@1.1.2/X-ZC90eXBlc2NyaXB0QDQuOS41LHpvZEAzLjIxLjQ/dist/index.d.ts": "2c0d9e56499cc5f64d8c8441c2a701dbabf6d39685fd485a7231b5ff2d4a78ea",
    "https://esm.sh/v111/zod-to-ts@1.1.2/X-ZC90eXBlc2NyaXB0QDQuOS41LHpvZEAzLjIxLjQ/esnext/zod-to-ts.js": "fd81047fbf9af143ee398517134e25f3fb877b01783539cc64e1d78ee2c608dd",
    "https://esm.sh/v111/zod@3.21.4/X-ZC90eXBlc2NyaXB0QDQuOS41/index.d.ts": "b51c954b9557b1dcb03b2bf34cd136e710cb9aa276e686cac0e291249590a52a",
    "https://esm.sh/v111/zod@3.21.4/X-ZC90eXBlc2NyaXB0QDQuOS41/lib/ZodError.d.ts": "1f19511459549a66526d9dcc3b2288e59fa5fd4cf42b390a945d0bdc289806df",
    "https://esm.sh/v111/zod@3.21.4/X-ZC90eXBlc2NyaXB0QDQuOS41/lib/errors.d.ts": "5ec2790f877581637c058eb5bbb72e855a078620d0781d2a6a8f308fe1d5436f",
    "https://esm.sh/v111/zod@3.21.4/X-ZC90eXBlc2NyaXB0QDQuOS41/lib/external.d.ts": "91cec2fe1e1fb2574812a29a57ad2c39a1e69b0fa1179547382c92649fc5c66e",
    "https://esm.sh/v111/zod@3.21.4/X-ZC90eXBlc2NyaXB0QDQuOS41/lib/helpers/enumUtil.d.ts": "f672c876c1a04a223cf2023b3d91e8a52bb1544c576b81bf64a8fec82be9969c",
    "https://esm.sh/v111/zod@3.21.4/X-ZC90eXBlc2NyaXB0QDQuOS41/lib/helpers/errorUtil.d.ts": "98a9cc18f661d28e6bd31c436e1984f3980f35e0f0aa9cf795c54f8ccb667ffe",
    "https://esm.sh/v111/zod@3.21.4/X-ZC90eXBlc2NyaXB0QDQuOS41/lib/helpers/parseUtil.d.ts": "d3dbfc2f2fbf2c1bdea72db72f9f5c95d2ca5b4d32c9e229764ebaba0920203c",
    "https://esm.sh/v111/zod@3.21.4/X-ZC90eXBlc2NyaXB0QDQuOS41/lib/helpers/partialUtil.d.ts": "be2da97df422506d54e0e1727a40f6315c7311931b65a552b3172148db734c43",
    "https://esm.sh/v111/zod@3.21.4/X-ZC90eXBlc2NyaXB0QDQuOS41/lib/helpers/typeAliases.d.ts": "5487b97cfa28b26b4a9ef0770f872bdbebd4c46124858de00f242c3eed7519f4",
    "https://esm.sh/v111/zod@3.21.4/X-ZC90eXBlc2NyaXB0QDQuOS41/lib/helpers/util.d.ts": "7a01f546ace66019156e4232a1bee2fabc2f8eabeb052473d926ee1693956265",
    "https://esm.sh/v111/zod@3.21.4/X-ZC90eXBlc2NyaXB0QDQuOS41/lib/index.d.ts": "e6e0b04af1500398c8840582cce03d8907d6475005eb490f0e07bb33db6da66c",
    "https://esm.sh/v111/zod@3.21.4/X-ZC90eXBlc2NyaXB0QDQuOS41/lib/locales/en.d.ts": "f8ec1611afb8d132c6c71822718805866890cf2071025153af97508eff24e4b6",
    "https://esm.sh/v111/zod@3.21.4/X-ZC90eXBlc2NyaXB0QDQuOS41/lib/types.d.ts": "d7eecca2a9e02b2b2f51eaef95956f490a5780d03b32b9865068a63a26810f01",
    "https://esm.sh/v111/zod@3.21.4/esnext/zod.js": "83485175626f6ed83b207563b0a9e7c5c596f4ea94578e1fd30e7cd73a861f47",
    "https://esm.sh/v111/zod@3.21.4/index.d.ts": "b51c954b9557b1dcb03b2bf34cd136e710cb9aa276e686cac0e291249590a52a",
    "https://esm.sh/v111/zod@3.21.4/lib/ZodError.d.ts": "1f19511459549a66526d9dcc3b2288e59fa5fd4cf42b390a945d0bdc289806df",
    "https://esm.sh/v111/zod@3.21.4/lib/errors.d.ts": "5ec2790f877581637c058eb5bbb72e855a078620d0781d2a6a8f308fe1d5436f",
    "https://esm.sh/v111/zod@3.21.4/lib/external.d.ts": "91cec2fe1e1fb2574812a29a57ad2c39a1e69b0fa1179547382c92649fc5c66e",
    "https://esm.sh/v111/zod@3.21.4/lib/helpers/enumUtil.d.ts": "f672c876c1a04a223cf2023b3d91e8a52bb1544c576b81bf64a8fec82be9969c",
    "https://esm.sh/v111/zod@3.21.4/lib/helpers/errorUtil.d.ts": "98a9cc18f661d28e6bd31c436e1984f3980f35e0f0aa9cf795c54f8ccb667ffe",
    "https://esm.sh/v111/zod@3.21.4/lib/helpers/parseUtil.d.ts": "d3dbfc2f2fbf2c1bdea72db72f9f5c95d2ca5b4d32c9e229764ebaba0920203c",
    "https://esm.sh/v111/zod@3.21.4/lib/helpers/partialUtil.d.ts": "be2da97df422506d54e0e1727a40f6315c7311931b65a552b3172148db734c43",
    "https://esm.sh/v111/zod@3.21.4/lib/helpers/typeAliases.d.ts": "5487b97cfa28b26b4a9ef0770f872bdbebd4c46124858de00f242c3eed7519f4",
    "https://esm.sh/v111/zod@3.21.4/lib/helpers/util.d.ts": "7a01f546ace66019156e4232a1bee2fabc2f8eabeb052473d926ee1693956265",
    "https://esm.sh/v111/zod@3.21.4/lib/index.d.ts": "e6e0b04af1500398c8840582cce03d8907d6475005eb490f0e07bb33db6da66c",
    "https://esm.sh/v111/zod@3.21.4/lib/locales/en.d.ts": "f8ec1611afb8d132c6c71822718805866890cf2071025153af97508eff24e4b6",
    "https://esm.sh/v111/zod@3.21.4/lib/types.d.ts": "d7eecca2a9e02b2b2f51eaef95956f490a5780d03b32b9865068a63a26810f01",
    "https://esm.sh/zod-to-json-schema@3.20.4?deps=zod@3.21.4&target=esnext&pin=v111": "7c17b8b29c637a3643a7ed0af579ff8f7838af5093b2d7963f60d0c53a3b7fb3",
    "https://esm.sh/zod-to-ts@1.1.2?deps=typescript@4.9.5,zod@3.21.4&target=esnext&pin=v111": "91cc71e2e186029b4e3045d8f34e871d9956386f69bd8f8b7ef37f03253e0a50",
    "https://esm.sh/zod@3.21.4?target=esnext&pin=v111": "ba19dd265f6e55c8969488ea9adb954619e759bab0c3b8cccc675d8e569e5616"
  }
}
